{
  "name": "daily-apps",
  "lockfileVersion": 3,
  "requires": true,
  "packages": {
    "": {
      "name": "daily-apps",
      "dependencies": {
        "postcss-rem-to-responsive-pixel": "^6.0.2"
      }
    },
    "node_modules/postcss-rem-to-responsive-pixel": {
      "version": "6.0.2",
      "resolved": "https://registry.npmjs.org/postcss-rem-to-responsive-pixel/-/postcss-rem-to-responsive-pixel-6.0.2.tgz",
      "integrity": "sha512-Qseol4vPNC+WJIzwU7AWXGc7pjcw+7c2YRh6bwpwz/4akmtL9Zu/mZ87yeaiGuqQaBgQy45266uxIBQY+BMUfQ==",
      "license": "MIT",
      "engines": {
        "node": ">=16.6.0"
      }
    }
  }
}
